
Microsoft Visual Studio Solution File, Format Version 11.00
# Visual Studio 2010
Project("{8BC9CEB8-8B4A-11D0-8D11-00A0C91BC942}") = "spimidisampler", "spimidisampler.vcxproj", "{EAADABB5-83D6-4669-98F8-6CDBE6AFD2BF}"
EndProject
Global
	GlobalSection(SolutionConfigurationPlatforms) = preSolution
		Debug|Win32 = Debug|Win32
		Release|Win32 = Release|Win32
	EndGlobalSection
	GlobalSection(ProjectConfigurationPlatforms) = postSolution
		{EAADABB5-83D6-4669-98F8-6CDBE6AFD2BF}.Debug|Win32.ActiveCfg = Debug|Win32
		{EAADABB5-83D6-4669-98F8-6CDBE6AFD2BF}.Debug|Win32.Build.0 = Debug|Win32
		{EAADABB5-83D6-4669-98F8-6CDBE6AFD2BF}.Release|Win32.ActiveCfg = Release|Win32
		{EAADABB5-83D6-4669-98F8-6CDBE6AFD2BF}.Release|Win32.Build.0 = Release|Win32
	EndGlobalSection
	GlobalSection(SolutionProperties) = preSolution
		HideSolutionNode = FALSE
	EndGlobalSection
EndGlobal
